
Microsoft Visual Studio Solution File, Format Version 12.00
# Visual Studio 2013
VisualStudioVersion = 12.0.31101.0
MinimumVisualStudioVersion = 10.0.40219.1
Project("{8BC9CEB8-8B4A-11D0-8D11-00A0C91BC942}") = "StarcraftAIClient", "StarcraftAIClient\StarcraftAIClient.vcxproj", "{479F6CB5-091E-458E-A22D-20A422AB0ADC}"
EndProject
Project("{8BC9CEB8-8B4A-11D0-8D11-00A0C91BC942}") = "ExampleAIClient", "ExampleAIClient\ExampleAIClient.vcxproj", "{AE3B9DC4-5FBB-4B57-8AB4-0D84D8649D78}"
EndProject
Project("{8BC9CEB8-8B4A-11D0-8D11-00A0C91BC942}") = "ExampleAIModule", "ExampleAIModule\ExampleAIModule.vcxproj", "{2E63AE74-758A-4607-9DE4-D28E814A6E13}"
EndProject
Project("{8BC9CEB8-8B4A-11D0-8D11-00A0C91BC942}") = "StarcraftAIModule", "StarcraftAIModule\StarcraftAIModule.vcxproj", "{A52C6F5B-55E6-4571-9554-456D8FAA7B2D}"
EndProject
Global
	GlobalSection(SolutionConfigurationPlatforms) = preSolution
		Debug|Win32 = Debug|Win32
		Debug|x64 = Debug|x64
		Release|Win32 = Release|Win32
		Release|x64 = Release|x64
	EndGlobalSection
	GlobalSection(ProjectConfigurationPlatforms) = postSolution
		{479F6CB5-091E-458E-A22D-20A422AB0ADC}.Debug|Win32.ActiveCfg = Debug|Win32
		{479F6CB5-091E-458E-A22D-20A422AB0ADC}.Debug|Win32.Build.0 = Debug|Win32
		{479F6CB5-091E-458E-A22D-20A422AB0ADC}.Debug|x64.ActiveCfg = Debug|x64
		{479F6CB5-091E-458E-A22D-20A422AB0ADC}.Debug|x64.Build.0 = Debug|x64
		{479F6CB5-091E-458E-A22D-20A422AB0ADC}.Release|Win32.ActiveCfg = Release|Win32
		{479F6CB5-091E-458E-A22D-20A422AB0ADC}.Release|Win32.Build.0 = Release|Win32
		{479F6CB5-091E-458E-A22D-20A422AB0ADC}.Release|x64.ActiveCfg = Release|x64
		{479F6CB5-091E-458E-A22D-20A422AB0ADC}.Release|x64.Build.0 = Release|x64
		{AE3B9DC4-5FBB-4B57-8AB4-0D84D8649D78}.Debug|Win32.ActiveCfg = Debug|Win32
		{AE3B9DC4-5FBB-4B57-8AB4-0D84D8649D78}.Debug|Win32.Build.0 = Debug|Win32
		{AE3B9DC4-5FBB-4B57-8AB4-0D84D8649D78}.Debug|x64.ActiveCfg = Debug|x64
		{AE3B9DC4-5FBB-4B57-8AB4-0D84D8649D78}.Debug|x64.Build.0 = Debug|x64
		{AE3B9DC4-5FBB-4B57-8AB4-0D84D8649D78}.Release|Win32.ActiveCfg = Release|Win32
		{AE3B9DC4-5FBB-4B57-8AB4-0D84D8649D78}.Release|Win32.Build.0 = Release|Win32
		{AE3B9DC4-5FBB-4B57-8AB4-0D84D8649D78}.Release|x64.ActiveCfg = Release|x64
		{AE3B9DC4-5FBB-4B57-8AB4-0D84D8649D78}.Release|x64.Build.0 = Release|x64
		{2E63AE74-758A-4607-9DE4-D28E814A6E13}.Debug|Win32.ActiveCfg = Debug|Win32
		{2E63AE74-758A-4607-9DE4-D28E814A6E13}.Debug|Win32.Build.0 = Debug|Win32
		{2E63AE74-758A-4607-9DE4-D28E814A6E13}.Debug|x64.ActiveCfg = Debug|x64
		{2E63AE74-758A-4607-9DE4-D28E814A6E13}.Debug|x64.Build.0 = Debug|x64
		{2E63AE74-758A-4607-9DE4-D28E814A6E13}.Release|Win32.ActiveCfg = Release|Win32
		{2E63AE74-758A-4607-9DE4-D28E814A6E13}.Release|Win32.Build.0 = Release|Win32
		{2E63AE74-758A-4607-9DE4-D28E814A6E13}.Release|x64.ActiveCfg = Release|x64
		{2E63AE74-758A-4607-9DE4-D28E814A6E13}.Release|x64.Build.0 = Release|x64
		{A52C6F5B-55E6-4571-9554-456D8FAA7B2D}.Debug|Win32.ActiveCfg = Debug|Win32
		{A52C6F5B-55E6-4571-9554-456D8FAA7B2D}.Debug|Win32.Build.0 = Debug|Win32
		{A52C6F5B-55E6-4571-9554-456D8FAA7B2D}.Debug|x64.ActiveCfg = Debug|x64
		{A52C6F5B-55E6-4571-9554-456D8FAA7B2D}.Debug|x64.Build.0 = Debug|x64
		{A52C6F5B-55E6-4571-9554-456D8FAA7B2D}.Release|Win32.ActiveCfg = Release|Win32
		{A52C6F5B-55E6-4571-9554-456D8FAA7B2D}.Release|Win32.Build.0 = Release|Win32
		{A52C6F5B-55E6-4571-9554-456D8FAA7B2D}.Release|x64.ActiveCfg = Release|x64
		{A52C6F5B-55E6-4571-9554-456D8FAA7B2D}.Release|x64.Build.0 = Release|x64
	EndGlobalSection
	GlobalSection(SolutionProperties) = preSolution
		HideSolutionNode = FALSE
	EndGlobalSection
EndGlobal
