<?xml version="1.0" encoding="utf-8"?>
<Project ToolsVersion="4.0" xmlns="http://schemas.microsoft.com/developer/msbuild/2003">
  <ItemGroup>
    <Filter Include="Utility">
      <UniqueIdentifier>{759fa372-58ca-4bf5-8408-8e21a556f1c8}</UniqueIdentifier>
    </Filter>
    <Filter Include="Managers">
      <UniqueIdentifier>{c8eb25fb-1c69-478a-bc1a-976cb778235a}</UniqueIdentifier>
    </Filter>
    <Filter Include="Managers\Combat">
      <UniqueIdentifier>{cbdab239-0038-4fed-a446-d2d42500c6d5}</UniqueIdentifier>
    </Filter>
    <Filter Include="Managers\Expansion">
      <UniqueIdentifier>{72595dae-5b54-4a14-92aa-fd9a9c5e5783}</UniqueIdentifier>
    </Filter>
    <Filter Include="Managers\Intelligence">
      <UniqueIdentifier>{c10b902b-fe4c-458a-bb3a-99b94d158053}</UniqueIdentifier>
    </Filter>
  </ItemGroup>
  <ItemGroup>
    <ClCompile Include="UtilUnit.cpp">
      <Filter>Utility</Filter>
    </ClCompile>
    <ClCompile Include="Primary.cpp" />
    <ClCompile Include="Dll.cpp" />
    <ClCompile Include="ArmyManager.cpp">
      <Filter>Managers\Combat</Filter>
    </ClCompile>
    <ClCompile Include="CombatJudge.cpp">
      <Filter>Managers\Combat</Filter>
    </ClCompile>
    <ClCompile Include="Reconnoiter.cpp">
      <Filter>Managers\Combat</Filter>
    </ClCompile>
    <ClCompile Include="Architect.cpp">
      <Filter>Managers\Expansion</Filter>
    </ClCompile>
    <ClCompile Include="Economist.cpp">
      <Filter>Managers\Expansion</Filter>
    </ClCompile>
    <ClCompile Include="Producer.cpp">
      <Filter>Managers\Expansion</Filter>
    </ClCompile>
    <ClCompile Include="WorkerManager.cpp">
      <Filter>Managers\Expansion</Filter>
    </ClCompile>
    <ClCompile Include="Accountant.cpp">
      <Filter>Managers\Intelligence</Filter>
    </ClCompile>
    <ClCompile Include="Archivist.cpp">
      <Filter>Managers\Intelligence</Filter>
    </ClCompile>
  </ItemGroup>
  <ItemGroup>
    <ClInclude Include="UtilUnit.h">
      <Filter>Utility</Filter>
    </ClInclude>
    <ClInclude Include="Primary.h" />
    <ClInclude Include="ArmyManager.h">
      <Filter>Managers\Combat</Filter>
    </ClInclude>
    <ClInclude Include="CombatJudge.h">
      <Filter>Managers\Combat</Filter>
    </ClInclude>
    <ClInclude Include="Reconnoiter.h">
      <Filter>Managers\Combat</Filter>
    </ClInclude>
    <ClInclude Include="Architect.h">
      <Filter>Managers\Expansion</Filter>
    </ClInclude>
    <ClInclude Include="Economist.h">
      <Filter>Managers\Expansion</Filter>
    </ClInclude>
    <ClInclude Include="Producer.h">
      <Filter>Managers\Expansion</Filter>
    </ClInclude>
    <ClInclude Include="WorkerManager.h">
      <Filter>Managers\Expansion</Filter>
    </ClInclude>
    <ClInclude Include="Accountant.h">
      <Filter>Managers\Intelligence</Filter>
    </ClInclude>
    <ClInclude Include="Archivist.h">
      <Filter>Managers\Intelligence</Filter>
    </ClInclude>
  </ItemGroup>
</Project>